
Microsoft Visual Studio Solution File, Format Version 12.00
# Visual Studio Version 16
VisualStudioVersion = 16.0.32929.386
MinimumVisualStudioVersion = 10.0.40219.1
Project("{9A19103F-16F7-4668-BE54-9A1E7A4F7556}") = "WebApplication11", "WebApplication11\WebApplication11.csproj", "{A2AE60EC-CF79-4B73-832A-76568BDF60C2}"
EndProject
Project("{9A19103F-16F7-4668-BE54-9A1E7A4F7556}") = "ConsoleApp1", "ConsoleApp1\ConsoleApp1.csproj", "{55165A82-79E5-4986-90EB-B4F58DF9988B}"
EndProject
Project("{FAE04EC0-301F-11D3-BF4B-00C04F79EFBC}") = "WebApplication1", "WebApplication1\WebApplication1.csproj", "{5343103F-6E27-4915-8823-E0E6AF0FD0A8}"
EndProject
Global
	GlobalSection(SolutionConfigurationPlatforms) = preSolution
		Debug|Any CPU = Debug|Any CPU
		Release|Any CPU = Release|Any CPU
	EndGlobalSection
	GlobalSection(ProjectConfigurationPlatforms) = postSolution
		{A2AE60EC-CF79-4B73-832A-76568BDF60C2}.Debug|Any CPU.ActiveCfg = Debug|Any CPU
		{A2AE60EC-CF79-4B73-832A-76568BDF60C2}.Debug|Any CPU.Build.0 = Debug|Any CPU
		{A2AE60EC-CF79-4B73-832A-76568BDF60C2}.Release|Any CPU.ActiveCfg = Release|Any CPU
		{A2AE60EC-CF79-4B73-832A-76568BDF60C2}.Release|Any CPU.Build.0 = Release|Any CPU
		{55165A82-79E5-4986-90EB-B4F58DF9988B}.Debug|Any CPU.ActiveCfg = Debug|Any CPU
		{55165A82-79E5-4986-90EB-B4F58DF9988B}.Debug|Any CPU.Build.0 = Debug|Any CPU
		{55165A82-79E5-4986-90EB-B4F58DF9988B}.Release|Any CPU.ActiveCfg = Release|Any CPU
		{55165A82-79E5-4986-90EB-B4F58DF9988B}.Release|Any CPU.Build.0 = Release|Any CPU
		{5343103F-6E27-4915-8823-E0E6AF0FD0A8}.Debug|Any CPU.ActiveCfg = Debug|Any CPU
		{5343103F-6E27-4915-8823-E0E6AF0FD0A8}.Debug|Any CPU.Build.0 = Debug|Any CPU
		{5343103F-6E27-4915-8823-E0E6AF0FD0A8}.Release|Any CPU.ActiveCfg = Release|Any CPU
		{5343103F-6E27-4915-8823-E0E6AF0FD0A8}.Release|Any CPU.Build.0 = Release|Any CPU
	EndGlobalSection
	GlobalSection(SolutionProperties) = preSolution
		HideSolutionNode = FALSE
	EndGlobalSection
	GlobalSection(ExtensibilityGlobals) = postSolution
		SolutionGuid = {0DBDFC1A-AF22-411A-A402-A32BEAAF4CAE}
	EndGlobalSection
EndGlobal
